{
  "name": "peterportal-root",
  "version": "0.1.0",
  "lockfileVersion": 2,
  "requires": true,
  "packages": {
    "": {
      "name": "peterportal-root",
      "version": "0.1.0",
      "hasInstallScript": true,
      "devDependencies": {},
      "engines": {
        "node": "18.x.x"
      }
    }
  }
}
